
Microsoft Visual Studio Solution File, Format Version 12.00
# Visual Studio Version 16
VisualStudioVersion = 16.0.30021.99
MinimumVisualStudioVersion = 10.0.40219.1
Project("{FAE04EC0-301F-11D3-BF4B-00C04F79EFBC}") = "TaigaBotCS", "TaigaBotCS.csproj", "{F282C278-CE44-415F-9A61-56352F3EBB17}"
EndProject
Global
	GlobalSection(SolutionConfigurationPlatforms) = preSolution
		Debug|Any CPU = Debug|Any CPU
		Release|Any CPU = Release|Any CPU
	EndGlobalSection
	GlobalSection(ProjectConfigurationPlatforms) = postSolution
		{F282C278-CE44-415F-9A61-56352F3EBB17}.Debug|Any CPU.ActiveCfg = Debug|Any CPU
		{F282C278-CE44-415F-9A61-56352F3EBB17}.Debug|Any CPU.Build.0 = Debug|Any CPU
		{F282C278-CE44-415F-9A61-56352F3EBB17}.Release|Any CPU.ActiveCfg = Release|Any CPU
		{F282C278-CE44-415F-9A61-56352F3EBB17}.Release|Any CPU.Build.0 = Release|Any CPU
	EndGlobalSection
	GlobalSection(SolutionProperties) = preSolution
		HideSolutionNode = FALSE
	EndGlobalSection
	GlobalSection(ExtensibilityGlobals) = postSolution
		SolutionGuid = {631CEF09-86F5-4A6E-BA20-52637D563ABA}
	EndGlobalSection
EndGlobal
